// !$*UTF8*$!
{
	archiveVersion = 1;
	classes = {
	};
	objectVersion = 50;
	objects = {

/* Begin PBXBuildFile section */
		D425C62C26282EB200D96EB1 /* ItemModel.swift in Sources */ = {isa = PBXBuildFile; fileRef = D425C62B26282EB200D96EB1 /* ItemModel.swift */; };
		D425C6312629C3E700D96EB1 /* ToDoListView.swift in Sources */ = {isa = PBXBuildFile; fileRef = D425C6302629C3E700D96EB1 /* ToDoListView.swift */; };
		D425C6382629C59C00D96EB1 /* ListViewModel.swift in Sources */ = {isa = PBXBuildFile; fileRef = D425C6372629C59C00D96EB1 /* ListViewModel.swift */; };
		D43A25CD25DBB9E900EE1F1F /* AppDelegate.swift in Sources */ = {isa = PBXBuildFile; fileRef = D43A25CC25DBB9E900EE1F1F /* AppDelegate.swift */; };
		D43A25CF25DBB9E900EE1F1F /* SceneDelegate.swift in Sources */ = {isa = PBXBuildFile; fileRef = D43A25CE25DBB9E900EE1F1F /* SceneDelegate.swift */; };
		D43A25D325DBB9EC00EE1F1F /* Assets.xcassets in Resources */ = {isa = PBXBuildFile; fileRef = D43A25D225DBB9EC00EE1F1F /* Assets.xcassets */; };
		D43A25D625DBB9EC00EE1F1F /* Preview Assets.xcassets in Resources */ = {isa = PBXBuildFile; fileRef = D43A25D525DBB9EC00EE1F1F /* Preview Assets.xcassets */; };
		D43A25D925DBB9EC00EE1F1F /* LaunchScreen.storyboard in Resources */ = {isa = PBXBuildFile; fileRef = D43A25D725DBB9EC00EE1F1F /* LaunchScreen.storyboard */; };
		D43A25E725DCED5E00EE1F1F /* UIComponents.swift in Sources */ = {isa = PBXBuildFile; fileRef = D43A25E625DCED5E00EE1F1F /* UIComponents.swift */; };
		D43A25EE25DD127100EE1F1F /* MainToDoView.swift in Sources */ = {isa = PBXBuildFile; fileRef = D43A25ED25DD127100EE1F1F /* MainToDoView.swift */; };
		D43A25F825DD309800EE1F1F /* ListRowView.swift in Sources */ = {isa = PBXBuildFile; fileRef = D43A25F725DD309800EE1F1F /* ListRowView.swift */; };
		D43A260525DD7BA200EE1F1F /* ToDoCreateView.swift in Sources */ = {isa = PBXBuildFile; fileRef = D43A260425DD7BA200EE1F1F /* ToDoCreateView.swift */; };
		D4B3310C2647E569003D772E /* SearchBar.swift in Sources */ = {isa = PBXBuildFile; fileRef = D4B3310B2647E569003D772E /* SearchBar.swift */; };
/* End PBXBuildFile section */

/* Begin PBXFileReference section */
		D425C62B26282EB200D96EB1 /* ItemModel.swift */ = {isa = PBXFileReference; lastKnownFileType = sourcecode.swift; path = ItemModel.swift; sourceTree = "<group>"; };
		D425C6302629C3E700D96EB1 /* ToDoListView.swift */ = {isa = PBXFileReference; lastKnownFileType = sourcecode.swift; path = ToDoListView.swift; sourceTree = "<group>"; };
		D425C6372629C59C00D96EB1 /* ListViewModel.swift */ = {isa = PBXFileReference; lastKnownFileType = sourcecode.swift; path = ListViewModel.swift; sourceTree = "<group>"; };
		D43A25C925DBB9E900EE1F1F /* SampleToDoApp.app */ = {isa = PBXFileReference; explicitFileType = wrapper.application; includeInIndex = 0; path = SampleToDoApp.app; sourceTree = BUILT_PRODUCTS_DIR; };
		D43A25CC25DBB9E900EE1F1F /* AppDelegate.swift */ = {isa = PBXFileReference; lastKnownFileType = sourcecode.swift; path = AppDelegate.swift; sourceTree = "<group>"; };
		D43A25CE25DBB9E900EE1F1F /* SceneDelegate.swift */ = {isa = PBXFileReference; lastKnownFileType = sourcecode.swift; path = SceneDelegate.swift; sourceTree = "<group>"; };
		D43A25D225DBB9EC00EE1F1F /* Assets.xcassets */ = {isa = PBXFileReference; lastKnownFileType = folder.assetcatalog; path = Assets.xcassets; sourceTree = "<group>"; };
		D43A25D525DBB9EC00EE1F1F /* Preview Assets.xcassets */ = {isa = PBXFileReference; lastKnownFileType = folder.assetcatalog; path = "Preview Assets.xcassets"; sourceTree = "<group>"; };
		D43A25D825DBB9EC00EE1F1F /* Base */ = {isa = PBXFileReference; lastKnownFileType = file.storyboard; name = Base; path = Base.lproj/LaunchScreen.storyboard; sourceTree = "<group>"; };
		D43A25DA25DBB9ED00EE1F1F /* Info.plist */ = {isa = PBXFileReference; lastKnownFileType = text.plist.xml; path = Info.plist; sourceTree = "<group>"; };
		D43A25E625DCED5E00EE1F1F /* UIComponents.swift */ = {isa = PBXFileReference; lastKnownFileType = sourcecode.swift; path = UIComponents.swift; sourceTree = "<group>"; };
		D43A25ED25DD127100EE1F1F /* MainToDoView.swift */ = {isa = PBXFileReference; lastKnownFileType = sourcecode.swift; path = MainToDoView.swift; sourceTree = "<group>"; };
		D43A25F725DD309800EE1F1F /* ListRowView.swift */ = {isa = PBXFileReference; lastKnownFileType = sourcecode.swift; path = ListRowView.swift; sourceTree = "<group>"; };
		D43A260425DD7BA200EE1F1F /* ToDoCreateView.swift */ = {isa = PBXFileReference; lastKnownFileType = sourcecode.swift; path = ToDoCreateView.swift; sourceTree = "<group>"; };
		D4B3310B2647E569003D772E /* SearchBar.swift */ = {isa = PBXFileReference; lastKnownFileType = sourcecode.swift; path = SearchBar.swift; sourceTree = "<group>"; };
/* End PBXFileReference section */

/* Begin PBXFrameworksBuildPhase section */
		D43A25C625DBB9E900EE1F1F /* Frameworks */ = {
			isa = PBXFrameworksBuildPhase;
			buildActionMask = 2147483647;
			files = (
			);
			runOnlyForDeploymentPostprocessing = 0;
		};
/* End PBXFrameworksBuildPhase section */

/* Begin PBXGroup section */
		D425C62526282E4C00D96EB1 /* Model */ = {
			isa = PBXGroup;
			children = (
				D425C62B26282EB200D96EB1 /* ItemModel.swift */,
			);
			path = Model;
			sourceTree = "<group>";
		};
		D425C6362629C54C00D96EB1 /* ViewModel */ = {
			isa = PBXGroup;
			children = (
				D425C6372629C59C00D96EB1 /* ListViewModel.swift */,
			);
			path = ViewModel;
			sourceTree = "<group>";
		};
		D43A25C025DBB9E900EE1F1F = {
			isa = PBXGroup;
			children = (
				D43A25CB25DBB9E900EE1F1F /* SampleToDoApp */,
				D43A25CA25DBB9E900EE1F1F /* Products */,
			);
			sourceTree = "<group>";
		};
		D43A25CA25DBB9E900EE1F1F /* Products */ = {
			isa = PBXGroup;
			children = (
				D43A25C925DBB9E900EE1F1F /* SampleToDoApp.app */,
			);
			name = Products;
			sourceTree = "<group>";
		};
		D43A25CB25DBB9E900EE1F1F /* SampleToDoApp */ = {
			isa = PBXGroup;
			children = (
				D43A25CC25DBB9E900EE1F1F /* AppDelegate.swift */,
				D43A25CE25DBB9E900EE1F1F /* SceneDelegate.swift */,
				D425C6362629C54C00D96EB1 /* ViewModel */,
				D425C62526282E4C00D96EB1 /* Model */,
				D43A25F025DD127900EE1F1F /* View */,
				D43A25E925DCED6700EE1F1F /* Helper */,
				D43A25D225DBB9EC00EE1F1F /* Assets.xcassets */,
				D43A25D725DBB9EC00EE1F1F /* LaunchScreen.storyboard */,
				D43A25DA25DBB9ED00EE1F1F /* Info.plist */,
				D43A25D425DBB9EC00EE1F1F /* Preview Content */,
			);
			path = SampleToDoApp;
			sourceTree = "<group>";
		};
		D43A25D425DBB9EC00EE1F1F /* Preview Content */ = {
			isa = PBXGroup;
			children = (
				D43A25D525DBB9EC00EE1F1F /* Preview Assets.xcassets */,
			);
			path = "Preview Content";
			sourceTree = "<group>";
		};
		D43A25E925DCED6700EE1F1F /* Helper */ = {
			isa = PBXGroup;
			children = (
				D43A25E625DCED5E00EE1F1F /* UIComponents.swift */,
			);
			path = Helper;
			sourceTree = "<group>";
		};
		D43A25F025DD127900EE1F1F /* View */ = {
			isa = PBXGroup;
			children = (
				D43A25ED25DD127100EE1F1F /* MainToDoView.swift */,
				D43A25F725DD309800EE1F1F /* ListRowView.swift */,
				D425C6302629C3E700D96EB1 /* ToDoListView.swift */,
				D43A260425DD7BA200EE1F1F /* ToDoCreateView.swift */,
				D4B3310B2647E569003D772E /* SearchBar.swift */,
			);
			path = View;
			sourceTree = "<group>";
		};
/* End PBXGroup section */

/* Begin PBXNativeTarget section */
		D43A25C825DBB9E900EE1F1F /* SampleToDoApp */ = {
			isa = PBXNativeTarget;
			buildConfigurationList = D43A25DD25DBB9ED00EE1F1F /* Build configuration list for PBXNativeTarget "SampleToDoApp" */;
			buildPhases = (
				D43A25C525DBB9E900EE1F1F /* Sources */,
				D43A25C625DBB9E900EE1F1F /* Frameworks */,
				D43A25C725DBB9E900EE1F1F /* Resources */,
			);
			buildRules = (
			);
			dependencies = (
			);
			name = SampleToDoApp;
			productName = SampleToDoApp;
			productReference = D43A25C925DBB9E900EE1F1F /* SampleToDoApp.app */;
			productType = "com.apple.product-type.application";
		};
/* End PBXNativeTarget section */

/* Begin PBXProject section */
		D43A25C125DBB9E900EE1F1F /* Project object */ = {
			isa = PBXProject;
			attributes = {
				LastSwiftUpdateCheck = 1240;
				LastUpgradeCheck = 1240;
				TargetAttributes = {
					D43A25C825DBB9E900EE1F1F = {
						CreatedOnToolsVersion = 12.4;
					};
				};
			};
			buildConfigurationList = D43A25C425DBB9E900EE1F1F /* Build configuration list for PBXProject "SampleToDoApp" */;
			compatibilityVersion = "Xcode 9.3";
			developmentRegion = en;
			hasScannedForEncodings = 0;
			knownRegions = (
				en,
				Base,
			);
			mainGroup = D43A25C025DBB9E900EE1F1F;
			productRefGroup = D43A25CA25DBB9E900EE1F1F /* Products */;
			projectDirPath = "";
			projectRoot = "";
			targets = (
				D43A25C825DBB9E900EE1F1F /* SampleToDoApp */,
			);
		};
/* End PBXProject section */

/* Begin PBXResourcesBuildPhase section */
		D43A25C725DBB9E900EE1F1F /* Resources */ = {
			isa = PBXResourcesBuildPhase;
			buildActionMask = 2147483647;
			files = (
				D43A25D925DBB9EC00EE1F1F /* LaunchScreen.storyboard in Resources */,
				D43A25D625DBB9EC00EE1F1F /* Preview Assets.xcassets in Resources */,
				D43A25D325DBB9EC00EE1F1F /* Assets.xcassets in Resources */,
			);
			runOnlyForDeploymentPostprocessing = 0;
		};
/* End PBXResourcesBuildPhase section */

/* Begin PBXSourcesBuildPhase section */
		D43A25C525DBB9E900EE1F1F /* Sources */ = {
			isa = PBXSourcesBuildPhase;
			buildActionMask = 2147483647;
			files = (
				D43A25CD25DBB9E900EE1F1F /* AppDelegate.swift in Sources */,
				D43A25EE25DD127100EE1F1F /* MainToDoView.swift in Sources */,
				D425C62C26282EB200D96EB1 /* ItemModel.swift in Sources */,
				D425C6382629C59C00D96EB1 /* ListViewModel.swift in Sources */,
				D425C6312629C3E700D96EB1 /* ToDoListView.swift in Sources */,
				D43A260525DD7BA200EE1F1F /* ToDoCreateView.swift in Sources */,
				D43A25CF25DBB9E900EE1F1F /* SceneDelegate.swift in Sources */,
				D4B3310C2647E569003D772E /* SearchBar.swift in Sources */,
				D43A25E725DCED5E00EE1F1F /* UIComponents.swift in Sources */,
				D43A25F825DD309800EE1F1F /* ListRowView.swift in Sources */,
			);
			runOnlyForDeploymentPostprocessing = 0;
		};
/* End PBXSourcesBuildPhase section */

/* Begin PBXVariantGroup section */
		D43A25D725DBB9EC00EE1F1F /* LaunchScreen.storyboard */ = {
			isa = PBXVariantGroup;
			children = (
				D43A25D825DBB9EC00EE1F1F /* Base */,
			);
			name = LaunchScreen.storyboard;
			sourceTree = "<group>";
		};
/* End PBXVariantGroup section */

/* Begin XCBuildConfiguration section */
		D43A25DB25DBB9ED00EE1F1F /* Debug */ = {
			isa = XCBuildConfiguration;
			buildSettings = {
				ALWAYS_SEARCH_USER_PATHS = NO;
				CLANG_ANALYZER_NONNULL = YES;
				CLANG_ANALYZER_NUMBER_OBJECT_CONVERSION = YES_AGGRESSIVE;
				CLANG_CXX_LANGUAGE_STANDARD = "gnu++14";
				CLANG_CXX_LIBRARY = "libc++";
				CLANG_ENABLE_MODULES = YES;
				CLANG_ENABLE_OBJC_ARC = YES;
				CLANG_ENABLE_OBJC_WEAK = YES;
				CLANG_WARN_BLOCK_CAPTURE_AUTORELEASING = YES;
				CLANG_WARN_BOOL_CONVERSION = YES;
				CLANG_WARN_COMMA = YES;
				CLANG_WARN_CONSTANT_CONVERSION = YES;
				CLANG_WARN_DEPRECATED_OBJC_IMPLEMENTATIONS = YES;
				CLANG_WARN_DIRECT_OBJC_ISA_USAGE = YES_ERROR;
				CLANG_WARN_DOCUMENTATION_COMMENTS = YES;
				CLANG_WARN_EMPTY_BODY = YES;
				CLANG_WARN_ENUM_CONVERSION = YES;
				CLANG_WARN_INFINITE_RECURSION = YES;
				CLANG_WARN_INT_CONVERSION = YES;
				CLANG_WARN_NON_LITERAL_NULL_CONVERSION = YES;
				CLANG_WARN_OBJC_IMPLICIT_RETAIN_SELF = YES;
				CLANG_WARN_OBJC_LITERAL_CONVERSION = YES;
				CLANG_WARN_OBJC_ROOT_CLASS = YES_ERROR;
				CLANG_WARN_QUOTED_INCLUDE_IN_FRAMEWORK_HEADER = YES;
				CLANG_WARN_RANGE_LOOP_ANALYSIS = YES;
				CLANG_WARN_STRICT_PROTOTYPES = YES;
				CLANG_WARN_SUSPICIOUS_MOVE = YES;
				CLANG_WARN_UNGUARDED_AVAILABILITY = YES_AGGRESSIVE;
				CLANG_WARN_UNREACHABLE_CODE = YES;
				CLANG_WARN__DUPLICATE_METHOD_MATCH = YES;
				COPY_PHASE_STRIP = NO;
				DEBUG_INFORMATION_FORMAT = dwarf;
				ENABLE_STRICT_OBJC_MSGSEND = YES;
				ENABLE_TESTABILITY = YES;
				GCC_C_LANGUAGE_STANDARD = gnu11;
				GCC_DYNAMIC_NO_PIC = NO;
				GCC_NO_COMMON_BLOCKS = YES;
				GCC_OPTIMIZATION_LEVEL = 0;
				GCC_PREPROCESSOR_DEFINITIONS = (
					"DEBUG=1",
					"$(inherited)",
				);
				GCC_WARN_64_TO_32_BIT_CONVERSION = YES;
				GCC_WARN_ABOUT_RETURN_TYPE = YES_ERROR;
				GCC_WARN_UNDECLARED_SELECTOR = YES;
				GCC_WARN_UNINITIALIZED_AUTOS = YES_AGGRESSIVE;
				GCC_WARN_UNUSED_FUNCTION = YES;
				GCC_WARN_UNUSED_VARIABLE = YES;
				IPHONEOS_DEPLOYMENT_TARGET = 14.4;
				MTL_ENABLE_DEBUG_INFO = INCLUDE_SOURCE;
				MTL_FAST_MATH = YES;
				ONLY_ACTIVE_ARCH = YES;
				SDKROOT = iphoneos;
				SWIFT_ACTIVE_COMPILATION_CONDITIONS = DEBUG;
				SWIFT_OPTIMIZATION_LEVEL = "-Onone";
			};
			name = Debug;
		};
		D43A25DC25DBB9ED00EE1F1F /* Release */ = {
			isa = XCBuildConfiguration;
			buildSettings = {
				ALWAYS_SEARCH_USER_PATHS = NO;
				CLANG_ANALYZER_NONNULL = YES;
				CLANG_ANALYZER_NUMBER_OBJECT_CONVERSION = YES_AGGRESSIVE;
				CLANG_CXX_LANGUAGE_STANDARD = "gnu++14";
				CLANG_CXX_LIBRARY = "libc++";
				CLANG_ENABLE_MODULES = YES;
				CLANG_ENABLE_OBJC_ARC = YES;
				CLANG_ENABLE_OBJC_WEAK = YES;
				CLANG_WARN_BLOCK_CAPTURE_AUTORELEASING = YES;
				CLANG_WARN_BOOL_CONVERSION = YES;
				CLANG_WARN_COMMA = YES;
				CLANG_WARN_CONSTANT_CONVERSION = YES;
				CLANG_WARN_DEPRECATED_OBJC_IMPLEMENTATIONS = YES;
				CLANG_WARN_DIRECT_OBJC_ISA_USAGE = YES_ERROR;
				CLANG_WARN_DOCUMENTATION_COMMENTS = YES;
				CLANG_WARN_EMPTY_BODY = YES;
				CLANG_WARN_ENUM_CONVERSION = YES;
				CLANG_WARN_INFINITE_RECURSION = YES;
				CLANG_WARN_INT_CONVERSION = YES;
				CLANG_WARN_NON_LITERAL_NULL_CONVERSION = YES;
				CLANG_WARN_OBJC_IMPLICIT_RETAIN_SELF = YES;
				CLANG_WARN_OBJC_LITERAL_CONVERSION = YES;
				CLANG_WARN_OBJC_ROOT_CLASS = YES_ERROR;
				CLANG_WARN_QUOTED_INCLUDE_IN_FRAMEWORK_HEADER = YES;
				CLANG_WARN_RANGE_LOOP_ANALYSIS = YES;
				CLANG_WARN_STRICT_PROTOTYPES = YES;
				CLANG_WARN_SUSPICIOUS_MOVE = YES;
				CLANG_WARN_UNGUARDED_AVAILABILITY = YES_AGGRESSIVE;
				CLANG_WARN_UNREACHABLE_CODE = YES;
				CLANG_WARN__DUPLICATE_METHOD_MATCH = YES;
				COPY_PHASE_STRIP = NO;
				DEBUG_INFORMATION_FORMAT = "dwarf-with-dsym";
				ENABLE_NS_ASSERTIONS = NO;
				ENABLE_STRICT_OBJC_MSGSEND = YES;
				GCC_C_LANGUAGE_STANDARD = gnu11;
				GCC_NO_COMMON_BLOCKS = YES;
				GCC_WARN_64_TO_32_BIT_CONVERSION = YES;
				GCC_WARN_ABOUT_RETURN_TYPE = YES_ERROR;
				GCC_WARN_UNDECLARED_SELECTOR = YES;
				GCC_WARN_UNINITIALIZED_AUTOS = YES_AGGRESSIVE;
				GCC_WARN_UNUSED_FUNCTION = YES;
				GCC_WARN_UNUSED_VARIABLE = YES;
				IPHONEOS_DEPLOYMENT_TARGET = 14.4;
				MTL_ENABLE_DEBUG_INFO = NO;
				MTL_FAST_MATH = YES;
				SDKROOT = iphoneos;
				SWIFT_COMPILATION_MODE = wholemodule;
				SWIFT_OPTIMIZATION_LEVEL = "-O";
				VALIDATE_PRODUCT = YES;
			};
			name = Release;
		};
		D43A25DE25DBB9ED00EE1F1F /* Debug */ = {
			isa = XCBuildConfiguration;
			buildSettings = {
				ASSETCATALOG_COMPILER_APPICON_NAME = AppIcon;
				ASSETCATALOG_COMPILER_GLOBAL_ACCENT_COLOR_NAME = AccentColor;
				CODE_SIGN_STYLE = Automatic;
				DEVELOPMENT_ASSET_PATHS = "\"SampleToDoApp/Preview Content\"";
				ENABLE_PREVIEWS = YES;
				INFOPLIST_FILE = SampleToDoApp/Info.plist;
				LD_RUNPATH_SEARCH_PATHS = (
					"$(inherited)",
					"@executable_path/Frameworks",
				);
				PRODUCT_BUNDLE_IDENTIFIER = com.Ryoya.SampleToDoApp;
				PRODUCT_NAME = "$(TARGET_NAME)";
				SWIFT_VERSION = 5.0;
				TARGETED_DEVICE_FAMILY = "1,2";
			};
			name = Debug;
		};
		D43A25DF25DBB9ED00EE1F1F /* Release */ = {
			isa = XCBuildConfiguration;
			buildSettings = {
				ASSETCATALOG_COMPILER_APPICON_NAME = AppIcon;
				ASSETCATALOG_COMPILER_GLOBAL_ACCENT_COLOR_NAME = AccentColor;
				CODE_SIGN_STYLE = Automatic;
				DEVELOPMENT_ASSET_PATHS = "\"SampleToDoApp/Preview Content\"";
				ENABLE_PREVIEWS = YES;
				INFOPLIST_FILE = SampleToDoApp/Info.plist;
				LD_RUNPATH_SEARCH_PATHS = (
					"$(inherited)",
					"@executable_path/Frameworks",
				);
				PRODUCT_BUNDLE_IDENTIFIER = com.Ryoya.SampleToDoApp;
				PRODUCT_NAME = "$(TARGET_NAME)";
				SWIFT_VERSION = 5.0;
				TARGETED_DEVICE_FAMILY = "1,2";
			};
			name = Release;
		};
/* End XCBuildConfiguration section */

/* Begin XCConfigurationList section */
		D43A25C425DBB9E900EE1F1F /* Build configuration list for PBXProject "SampleToDoApp" */ = {
			isa = XCConfigurationList;
			buildConfigurations = (
				D43A25DB25DBB9ED00EE1F1F /* Debug */,
				D43A25DC25DBB9ED00EE1F1F /* Release */,
			);
			defaultConfigurationIsVisible = 0;
			defaultConfigurationName = Release;
		};
		D43A25DD25DBB9ED00EE1F1F /* Build configuration list for PBXNativeTarget "SampleToDoApp" */ = {
			isa = XCConfigurationList;
			buildConfigurations = (
				D43A25DE25DBB9ED00EE1F1F /* Debug */,
				D43A25DF25DBB9ED00EE1F1F /* Release */,
			);
			defaultConfigurationIsVisible = 0;
			defaultConfigurationName = Release;
		};
/* End XCConfigurationList section */
	};
	rootObject = D43A25C125DBB9E900EE1F1F /* Project object */;
}
